
Microsoft Visual Studio Solution File, Format Version 12.00
# Visual Studio Version 17
VisualStudioVersion = 17.0.31919.166
MinimumVisualStudioVersion = 10.0.40219.1
Project("{FAE04EC0-301F-11D3-BF4B-00C04F79EFBC}") = "LectorLDR", "LectorLDR.csproj", "{5A750ADC-C7FE-44FA-ACC0-2D3C94C63CDB}"
EndProject
Global
	GlobalSection(SolutionConfigurationPlatforms) = preSolution
		Debug|Any CPU = Debug|Any CPU
		Release|Any CPU = Release|Any CPU
	EndGlobalSection
	GlobalSection(ProjectConfigurationPlatforms) = postSolution
		{5A750ADC-C7FE-44FA-ACC0-2D3C94C63CDB}.Debug|Any CPU.ActiveCfg = Debug|Any CPU
		{5A750ADC-C7FE-44FA-ACC0-2D3C94C63CDB}.Debug|Any CPU.Build.0 = Debug|Any CPU
		{5A750ADC-C7FE-44FA-ACC0-2D3C94C63CDB}.Release|Any CPU.ActiveCfg = Release|Any CPU
		{5A750ADC-C7FE-44FA-ACC0-2D3C94C63CDB}.Release|Any CPU.Build.0 = Release|Any CPU
	EndGlobalSection
	GlobalSection(SolutionProperties) = preSolution
		HideSolutionNode = FALSE
	EndGlobalSection
	GlobalSection(ExtensibilityGlobals) = postSolution
		SolutionGuid = {FC7FE378-7CF9-4544-B50D-02357F85254D}
	EndGlobalSection
EndGlobal
